
Microsoft Visual Studio Solution File, Format Version 12.00
# Visual Studio 14
VisualStudioVersion = 14.0.25123.0
MinimumVisualStudioVersion = 10.0.40219.1
Project("{FAE04EC0-301F-11D3-BF4B-00C04F79EFBC}") = "GoedWare.Controls.About", "GoedWare.Controls.About\GoedWare.Controls.About.csproj", "{3930C4E5-6506-406A-B132-79638A402E63}"
EndProject
Project("{FAE04EC0-301F-11D3-BF4B-00C04F79EFBC}") = "GoedWare.Samples.About", "GoedWare.Samples.About\GoedWare.Samples.About.csproj", "{574F98D0-30ED-42AA-8331-A372F8C776FA}"
EndProject
Global
	GlobalSection(SolutionConfigurationPlatforms) = preSolution
		Debug|Any CPU = Debug|Any CPU
		Debug|ARM = Debug|ARM
		Debug|x64 = Debug|x64
		Debug|x86 = Debug|x86
		Release|Any CPU = Release|Any CPU
		Release|ARM = Release|ARM
		Release|x64 = Release|x64
		Release|x86 = Release|x86
	EndGlobalSection
	GlobalSection(ProjectConfigurationPlatforms) = postSolution
		{3930C4E5-6506-406A-B132-79638A402E63}.Debug|Any CPU.ActiveCfg = Debug|Any CPU
		{3930C4E5-6506-406A-B132-79638A402E63}.Debug|Any CPU.Build.0 = Debug|Any CPU
		{3930C4E5-6506-406A-B132-79638A402E63}.Debug|ARM.ActiveCfg = Debug|ARM
		{3930C4E5-6506-406A-B132-79638A402E63}.Debug|ARM.Build.0 = Debug|ARM
		{3930C4E5-6506-406A-B132-79638A402E63}.Debug|x64.ActiveCfg = Debug|x64
		{3930C4E5-6506-406A-B132-79638A402E63}.Debug|x64.Build.0 = Debug|x64
		{3930C4E5-6506-406A-B132-79638A402E63}.Debug|x86.ActiveCfg = Debug|x86
		{3930C4E5-6506-406A-B132-79638A402E63}.Debug|x86.Build.0 = Debug|x86
		{3930C4E5-6506-406A-B132-79638A402E63}.Release|Any CPU.ActiveCfg = Release|Any CPU
		{3930C4E5-6506-406A-B132-79638A402E63}.Release|Any CPU.Build.0 = Release|Any CPU
		{3930C4E5-6506-406A-B132-79638A402E63}.Release|ARM.ActiveCfg = Release|ARM
		{3930C4E5-6506-406A-B132-79638A402E63}.Release|ARM.Build.0 = Release|ARM
		{3930C4E5-6506-406A-B132-79638A402E63}.Release|x64.ActiveCfg = Release|x64
		{3930C4E5-6506-406A-B132-79638A402E63}.Release|x64.Build.0 = Release|x64
		{3930C4E5-6506-406A-B132-79638A402E63}.Release|x86.ActiveCfg = Release|x86
		{3930C4E5-6506-406A-B132-79638A402E63}.Release|x86.Build.0 = Release|x86
		{574F98D0-30ED-42AA-8331-A372F8C776FA}.Debug|Any CPU.ActiveCfg = Debug|x86
		{574F98D0-30ED-42AA-8331-A372F8C776FA}.Debug|Any CPU.Build.0 = Debug|x86
		{574F98D0-30ED-42AA-8331-A372F8C776FA}.Debug|Any CPU.Deploy.0 = Debug|x86
		{574F98D0-30ED-42AA-8331-A372F8C776FA}.Debug|ARM.ActiveCfg = Debug|ARM
		{574F98D0-30ED-42AA-8331-A372F8C776FA}.Debug|ARM.Build.0 = Debug|ARM
		{574F98D0-30ED-42AA-8331-A372F8C776FA}.Debug|ARM.Deploy.0 = Debug|ARM
		{574F98D0-30ED-42AA-8331-A372F8C776FA}.Debug|x64.ActiveCfg = Debug|x64
		{574F98D0-30ED-42AA-8331-A372F8C776FA}.Debug|x64.Build.0 = Debug|x64
		{574F98D0-30ED-42AA-8331-A372F8C776FA}.Debug|x64.Deploy.0 = Debug|x64
		{574F98D0-30ED-42AA-8331-A372F8C776FA}.Debug|x86.ActiveCfg = Debug|x86
		{574F98D0-30ED-42AA-8331-A372F8C776FA}.Debug|x86.Build.0 = Debug|x86
		{574F98D0-30ED-42AA-8331-A372F8C776FA}.Debug|x86.Deploy.0 = Debug|x86
		{574F98D0-30ED-42AA-8331-A372F8C776FA}.Release|Any CPU.ActiveCfg = Release|x86
		{574F98D0-30ED-42AA-8331-A372F8C776FA}.Release|Any CPU.Build.0 = Release|x86
		{574F98D0-30ED-42AA-8331-A372F8C776FA}.Release|Any CPU.Deploy.0 = Release|x86
		{574F98D0-30ED-42AA-8331-A372F8C776FA}.Release|ARM.ActiveCfg = Release|ARM
		{574F98D0-30ED-42AA-8331-A372F8C776FA}.Release|ARM.Build.0 = Release|ARM
		{574F98D0-30ED-42AA-8331-A372F8C776FA}.Release|ARM.Deploy.0 = Release|ARM
		{574F98D0-30ED-42AA-8331-A372F8C776FA}.Release|x64.ActiveCfg = Release|x64
		{574F98D0-30ED-42AA-8331-A372F8C776FA}.Release|x64.Build.0 = Release|x64
		{574F98D0-30ED-42AA-8331-A372F8C776FA}.Release|x64.Deploy.0 = Release|x64
		{574F98D0-30ED-42AA-8331-A372F8C776FA}.Release|x86.ActiveCfg = Release|x86
		{574F98D0-30ED-42AA-8331-A372F8C776FA}.Release|x86.Build.0 = Release|x86
		{574F98D0-30ED-42AA-8331-A372F8C776FA}.Release|x86.Deploy.0 = Release|x86
	EndGlobalSection
	GlobalSection(SolutionProperties) = preSolution
		HideSolutionNode = FALSE
	EndGlobalSection
EndGlobal
